// !$*UTF8*$!
{
	archiveVersion = 1;
	classes = {
	};
	objectVersion = 56;
	objects = {

/* Begin PBXBuildFile section */
		2B8C6A04E620D80C81E0265A /* Pods_SOM_AI.framework in Frameworks */ = {isa = PBXBuildFile; fileRef = 639570997231B6918B9219F0 /* Pods_SOM_AI.framework */; };
		3822D5002B0210A900783DB5 /* LandingPageSeventhView.swift in Sources */ = {isa = PBXBuildFile; fileRef = 3822D4FF2B0210A900783DB5 /* LandingPageSeventhView.swift */; };
		3822D50A2B02213E00783DB5 /* LoginSceneInterfaces.swift in Sources */ = {isa = PBXBuildFile; fileRef = 3822D5052B02213E00783DB5 /* LoginSceneInterfaces.swift */; };
		3822D50B2B02213E00783DB5 /* LoginScenePresenter.swift in Sources */ = {isa = PBXBuildFile; fileRef = 3822D5062B02213E00783DB5 /* LoginScenePresenter.swift */; };
		3822D50C2B02213E00783DB5 /* LoginSceneViewController.swift in Sources */ = {isa = PBXBuildFile; fileRef = 3822D5072B02213E00783DB5 /* LoginSceneViewController.swift */; };
		3822D50D2B02213E00783DB5 /* LoginSceneInteractor.swift in Sources */ = {isa = PBXBuildFile; fileRef = 3822D5082B02213E00783DB5 /* LoginSceneInteractor.swift */; };
		3822D50E2B02213E00783DB5 /* LoginSceneWireframe.swift in Sources */ = {isa = PBXBuildFile; fileRef = 3822D5092B02213E00783DB5 /* LoginSceneWireframe.swift */; };
		382E92822AFE6B0100AA7C93 /* LandingPageSixthView.swift in Sources */ = {isa = PBXBuildFile; fileRef = 382E92812AFE6B0100AA7C93 /* LandingPageSixthView.swift */; };
		384CBBF82AFE736400CC6966 /* FrequentlyAskedQuestion.swift in Sources */ = {isa = PBXBuildFile; fileRef = 384CBBF72AFE736400CC6966 /* FrequentlyAskedQuestion.swift */; };
		3857EAE12B05FD5C00F93068 /* BaseWireframe.swift in Sources */ = {isa = PBXBuildFile; fileRef = 3857EAE02B05FD5C00F93068 /* BaseWireframe.swift */; };
		3857EAE52B05FD8A00F93068 /* WireframeInterface.swift in Sources */ = {isa = PBXBuildFile; fileRef = 3857EAE42B05FD8A00F93068 /* WireframeInterface.swift */; };
		3857EAE72B05FDBF00F93068 /* ViewInterface.swift in Sources */ = {isa = PBXBuildFile; fileRef = 3857EAE62B05FDBF00F93068 /* ViewInterface.swift */; };
		3857EAE92B05FDD500F93068 /* InteractorInterface.swift in Sources */ = {isa = PBXBuildFile; fileRef = 3857EAE82B05FDD500F93068 /* InteractorInterface.swift */; };
		3857EAEB2B05FE0000F93068 /* PresenterInterface.swift in Sources */ = {isa = PBXBuildFile; fileRef = 3857EAEA2B05FE0000F93068 /* PresenterInterface.swift */; };
		3857EAEE2B06001D00F93068 /* DefaultTextField.swift in Sources */ = {isa = PBXBuildFile; fileRef = 3857EAED2B06001D00F93068 /* DefaultTextField.swift */; };
		3857EAF12B06052700F93068 /* PasswordTextField.swift in Sources */ = {isa = PBXBuildFile; fileRef = 3857EAF02B06052700F93068 /* PasswordTextField.swift */; };
		3857EAF42B060B3100F93068 /* UIButton+Extension.swift in Sources */ = {isa = PBXBuildFile; fileRef = 3857EAF32B060B3100F93068 /* UIButton+Extension.swift */; };
		3857EAF72B06562B00F93068 /* CustomModalViewController.swift in Sources */ = {isa = PBXBuildFile; fileRef = 3857EAF62B06562B00F93068 /* CustomModalViewController.swift */; };
		3857EAFA2B0657E000F93068 /* UINavigationController+Extension.swift in Sources */ = {isa = PBXBuildFile; fileRef = 3857EAF92B0657E000F93068 /* UINavigationController+Extension.swift */; };
		3857EAFE2B074E0B00F93068 /* ToastManager.swift in Sources */ = {isa = PBXBuildFile; fileRef = 3857EAFD2B074E0B00F93068 /* ToastManager.swift */; };
		3857EB042B0774EF00F93068 /* DefaultToast.swift in Sources */ = {isa = PBXBuildFile; fileRef = 3857EB032B0774EF00F93068 /* DefaultToast.swift */; };
		3857EB0C2B07BDE900F93068 /* RegisterSceneInterfaces.swift in Sources */ = {isa = PBXBuildFile; fileRef = 3857EB072B07BDE900F93068 /* RegisterSceneInterfaces.swift */; };
		3857EB0D2B07BDE900F93068 /* RegisterScenePresenter.swift in Sources */ = {isa = PBXBuildFile; fileRef = 3857EB082B07BDE900F93068 /* RegisterScenePresenter.swift */; };
		3857EB0E2B07BDE900F93068 /* RegisterSceneViewController.swift in Sources */ = {isa = PBXBuildFile; fileRef = 3857EB092B07BDE900F93068 /* RegisterSceneViewController.swift */; };
		3857EB0F2B07BDE900F93068 /* RegisterSceneInteractor.swift in Sources */ = {isa = PBXBuildFile; fileRef = 3857EB0A2B07BDE900F93068 /* RegisterSceneInteractor.swift */; };
		3857EB102B07BDE900F93068 /* RegisterSceneWireframe.swift in Sources */ = {isa = PBXBuildFile; fileRef = 3857EB0B2B07BDE900F93068 /* RegisterSceneWireframe.swift */; };
		389C8DF72AF9622D005F9A99 /* LandingPageSceneViewController.swift in Sources */ = {isa = PBXBuildFile; fileRef = 389C8DF62AF9622D005F9A99 /* LandingPageSceneViewController.swift */; };
		389C8DFE2AF963A2005F9A99 /* DefaultCollectionView.swift in Sources */ = {isa = PBXBuildFile; fileRef = 389C8DFD2AF963A2005F9A99 /* DefaultCollectionView.swift */; };
		389C8E032AF9674B005F9A99 /* LandingPageFirstView.swift in Sources */ = {isa = PBXBuildFile; fileRef = 389C8E022AF9674B005F9A99 /* LandingPageFirstView.swift */; };
		389C8E052AF96A88005F9A99 /* UIStackView+Extension.swift in Sources */ = {isa = PBXBuildFile; fileRef = 389C8E042AF96A88005F9A99 /* UIStackView+Extension.swift */; };
		389C8E082AF97845005F9A99 /* FloatingButtonView.swift in Sources */ = {isa = PBXBuildFile; fileRef = 389C8E072AF97845005F9A99 /* FloatingButtonView.swift */; };
		389C8E242AFBDFEC005F9A99 /* UIView+Extension.swift in Sources */ = {isa = PBXBuildFile; fileRef = 389C8E232AFBDFEC005F9A99 /* UIView+Extension.swift */; };
		389C8E272AFBEA45005F9A99 /* LandingPageSecondView.swift in Sources */ = {isa = PBXBuildFile; fileRef = 389C8E262AFBEA45005F9A99 /* LandingPageSecondView.swift */; };
		389C8E2D2AFBEF8E005F9A99 /* UILabel+Extension.swift in Sources */ = {isa = PBXBuildFile; fileRef = 389C8E2C2AFBEF8E005F9A99 /* UILabel+Extension.swift */; };
		389C8E342AFC0DC3005F9A99 /* LandingPageThirdView.swift in Sources */ = {isa = PBXBuildFile; fileRef = 389C8E332AFC0DC3005F9A99 /* LandingPageThirdView.swift */; };
		389C8E372AFD0CB1005F9A99 /* LandingPageFourthView.swift in Sources */ = {isa = PBXBuildFile; fileRef = 389C8E362AFD0CB1005F9A99 /* LandingPageFourthView.swift */; };
		389C8E3A2AFD1A78005F9A99 /* LandingPageFifthView.swift in Sources */ = {isa = PBXBuildFile; fileRef = 389C8E392AFD1A78005F9A99 /* LandingPageFifthView.swift */; };
		389C8E3E2AFD2D62005F9A99 /* ScaledCollectionViewLayout.swift in Sources */ = {isa = PBXBuildFile; fileRef = 389C8E3D2AFD2D62005F9A99 /* ScaledCollectionViewLayout.swift */; };
		389C8E412AFD2FE4005F9A99 /* TestimonyCollectionView.swift in Sources */ = {isa = PBXBuildFile; fileRef = 389C8E402AFD2FE4005F9A99 /* TestimonyCollectionView.swift */; };
		389C8E442AFD303D005F9A99 /* TestimonyCollectionViewCell.swift in Sources */ = {isa = PBXBuildFile; fileRef = 389C8E432AFD303D005F9A99 /* TestimonyCollectionViewCell.swift */; };
		389C8E462AFD429E005F9A99 /* Testimony.swift in Sources */ = {isa = PBXBuildFile; fileRef = 389C8E452AFD429E005F9A99 /* Testimony.swift */; };
		389C8E5A2AFD53ED005F9A99 /* ShadowTableViewCell.swift in Sources */ = {isa = PBXBuildFile; fileRef = 389C8E592AFD53ED005F9A99 /* ShadowTableViewCell.swift */; };
		38AEB6A92AF8B85B00E87009 /* AppDelegate.swift in Sources */ = {isa = PBXBuildFile; fileRef = 38AEB6A82AF8B85B00E87009 /* AppDelegate.swift */; };
		38AEB6AB2AF8B85B00E87009 /* SceneDelegate.swift in Sources */ = {isa = PBXBuildFile; fileRef = 38AEB6AA2AF8B85B00E87009 /* SceneDelegate.swift */; };
		38AEB6AD2AF8B85B00E87009 /* MainViewController.swift in Sources */ = {isa = PBXBuildFile; fileRef = 38AEB6AC2AF8B85B00E87009 /* MainViewController.swift */; };
		38AEB6B32AF8B85B00E87009 /* SOM_AI.xcdatamodeld in Sources */ = {isa = PBXBuildFile; fileRef = 38AEB6B12AF8B85B00E87009 /* SOM_AI.xcdatamodeld */; };
		38AEB6B52AF8B85C00E87009 /* Assets.xcassets in Resources */ = {isa = PBXBuildFile; fileRef = 38AEB6B42AF8B85C00E87009 /* Assets.xcassets */; };
		38AEB6B82AF8B85C00E87009 /* LaunchScreen.storyboard in Resources */ = {isa = PBXBuildFile; fileRef = 38AEB6B62AF8B85C00E87009 /* LaunchScreen.storyboard */; };
		38AEB6CF2AF8B9D800E87009 /* BaseResponse.swift in Sources */ = {isa = PBXBuildFile; fileRef = 38AEB6CE2AF8B9D800E87009 /* BaseResponse.swift */; };
		38AEB6D22AF8BA3500E87009 /* Config.swift in Sources */ = {isa = PBXBuildFile; fileRef = 38AEB6D12AF8BA3500E87009 /* Config.swift */; };
		38AEB6E52AF8BFC800E87009 /* Theme.xcassets in Resources */ = {isa = PBXBuildFile; fileRef = 38AEB6E42AF8BFC800E87009 /* Theme.xcassets */; };
		38AEB6EA2AF8CA3100E87009 /* Inter-Bold.ttf in Resources */ = {isa = PBXBuildFile; fileRef = 38AEB6E62AF8CA3000E87009 /* Inter-Bold.ttf */; };
		38AEB6EB2AF8CA3100E87009 /* Inter-Black.ttf in Resources */ = {isa = PBXBuildFile; fileRef = 38AEB6E72AF8CA3000E87009 /* Inter-Black.ttf */; };
		38AEB6EC2AF8CA3100E87009 /* Inter-Medium.ttf in Resources */ = {isa = PBXBuildFile; fileRef = 38AEB6E82AF8CA3100E87009 /* Inter-Medium.ttf */; };
		38AEB6ED2AF8CA3100E87009 /* Inter-Regular.ttf in Resources */ = {isa = PBXBuildFile; fileRef = 38AEB6E92AF8CA3100E87009 /* Inter-Regular.ttf */; };
		38D5081B2B07DE4400F0C277 /* R.generated.swift in Sources */ = {isa = PBXBuildFile; fileRef = 38D5081A2B07DE4400F0C277 /* R.generated.swift */; };
/* End PBXBuildFile section */

/* Begin PBXCopyFilesBuildPhase section */
		38AEB71B2AF94AB200E87009 /* Embed Frameworks */ = {
			isa = PBXCopyFilesBuildPhase;
			buildActionMask = 2147483647;
			dstPath = "";
			dstSubfolderSpec = 10;
			files = (
			);
			name = "Embed Frameworks";
			runOnlyForDeploymentPostprocessing = 0;
		};
/* End PBXCopyFilesBuildPhase section */

/* Begin PBXFileReference section */
		3822D4FF2B0210A900783DB5 /* LandingPageSeventhView.swift */ = {isa = PBXFileReference; lastKnownFileType = sourcecode.swift; path = LandingPageSeventhView.swift; sourceTree = "<group>"; };
		3822D5052B02213E00783DB5 /* LoginSceneInterfaces.swift */ = {isa = PBXFileReference; lastKnownFileType = sourcecode.swift; path = LoginSceneInterfaces.swift; sourceTree = "<group>"; };
		3822D5062B02213E00783DB5 /* LoginScenePresenter.swift */ = {isa = PBXFileReference; lastKnownFileType = sourcecode.swift; path = LoginScenePresenter.swift; sourceTree = "<group>"; };
		3822D5072B02213E00783DB5 /* LoginSceneViewController.swift */ = {isa = PBXFileReference; lastKnownFileType = sourcecode.swift; path = LoginSceneViewController.swift; sourceTree = "<group>"; };
		3822D5082B02213E00783DB5 /* LoginSceneInteractor.swift */ = {isa = PBXFileReference; lastKnownFileType = sourcecode.swift; path = LoginSceneInteractor.swift; sourceTree = "<group>"; };
		3822D5092B02213E00783DB5 /* LoginSceneWireframe.swift */ = {isa = PBXFileReference; lastKnownFileType = sourcecode.swift; path = LoginSceneWireframe.swift; sourceTree = "<group>"; };
		382E92812AFE6B0100AA7C93 /* LandingPageSixthView.swift */ = {isa = PBXFileReference; lastKnownFileType = sourcecode.swift; path = LandingPageSixthView.swift; sourceTree = "<group>"; };
		384CBBF72AFE736400CC6966 /* FrequentlyAskedQuestion.swift */ = {isa = PBXFileReference; lastKnownFileType = sourcecode.swift; path = FrequentlyAskedQuestion.swift; sourceTree = "<group>"; };
		3857EAE02B05FD5C00F93068 /* BaseWireframe.swift */ = {isa = PBXFileReference; lastKnownFileType = sourcecode.swift; path = BaseWireframe.swift; sourceTree = "<group>"; };
		3857EAE42B05FD8A00F93068 /* WireframeInterface.swift */ = {isa = PBXFileReference; lastKnownFileType = sourcecode.swift; path = WireframeInterface.swift; sourceTree = "<group>"; };
		3857EAE62B05FDBF00F93068 /* ViewInterface.swift */ = {isa = PBXFileReference; lastKnownFileType = sourcecode.swift; path = ViewInterface.swift; sourceTree = "<group>"; };
		3857EAE82B05FDD500F93068 /* InteractorInterface.swift */ = {isa = PBXFileReference; lastKnownFileType = sourcecode.swift; path = InteractorInterface.swift; sourceTree = "<group>"; };
		3857EAEA2B05FE0000F93068 /* PresenterInterface.swift */ = {isa = PBXFileReference; lastKnownFileType = sourcecode.swift; path = PresenterInterface.swift; sourceTree = "<group>"; };
		3857EAED2B06001D00F93068 /* DefaultTextField.swift */ = {isa = PBXFileReference; lastKnownFileType = sourcecode.swift; path = DefaultTextField.swift; sourceTree = "<group>"; };
		3857EAF02B06052700F93068 /* PasswordTextField.swift */ = {isa = PBXFileReference; lastKnownFileType = sourcecode.swift; path = PasswordTextField.swift; sourceTree = "<group>"; };
		3857EAF32B060B3100F93068 /* UIButton+Extension.swift */ = {isa = PBXFileReference; lastKnownFileType = sourcecode.swift; path = "UIButton+Extension.swift"; sourceTree = "<group>"; };
		3857EAF62B06562B00F93068 /* CustomModalViewController.swift */ = {isa = PBXFileReference; lastKnownFileType = sourcecode.swift; path = CustomModalViewController.swift; sourceTree = "<group>"; };
		3857EAF92B0657E000F93068 /* UINavigationController+Extension.swift */ = {isa = PBXFileReference; lastKnownFileType = sourcecode.swift; path = "UINavigationController+Extension.swift"; sourceTree = "<group>"; };
		3857EAFB2B074C3B00F93068 /* SOM AI.entitlements */ = {isa = PBXFileReference; lastKnownFileType = text.plist.entitlements; path = "SOM AI.entitlements"; sourceTree = "<group>"; };
		3857EAFD2B074E0B00F93068 /* ToastManager.swift */ = {isa = PBXFileReference; lastKnownFileType = sourcecode.swift; path = ToastManager.swift; sourceTree = "<group>"; };
		3857EB032B0774EF00F93068 /* DefaultToast.swift */ = {isa = PBXFileReference; lastKnownFileType = sourcecode.swift; path = DefaultToast.swift; sourceTree = "<group>"; };
		3857EB072B07BDE900F93068 /* RegisterSceneInterfaces.swift */ = {isa = PBXFileReference; lastKnownFileType = sourcecode.swift; path = RegisterSceneInterfaces.swift; sourceTree = "<group>"; };
		3857EB082B07BDE900F93068 /* RegisterScenePresenter.swift */ = {isa = PBXFileReference; lastKnownFileType = sourcecode.swift; path = RegisterScenePresenter.swift; sourceTree = "<group>"; };
		3857EB092B07BDE900F93068 /* RegisterSceneViewController.swift */ = {isa = PBXFileReference; lastKnownFileType = sourcecode.swift; path = RegisterSceneViewController.swift; sourceTree = "<group>"; };
		3857EB0A2B07BDE900F93068 /* RegisterSceneInteractor.swift */ = {isa = PBXFileReference; lastKnownFileType = sourcecode.swift; path = RegisterSceneInteractor.swift; sourceTree = "<group>"; };
		3857EB0B2B07BDE900F93068 /* RegisterSceneWireframe.swift */ = {isa = PBXFileReference; lastKnownFileType = sourcecode.swift; path = RegisterSceneWireframe.swift; sourceTree = "<group>"; };
		389C8DF62AF9622D005F9A99 /* LandingPageSceneViewController.swift */ = {isa = PBXFileReference; lastKnownFileType = sourcecode.swift; path = LandingPageSceneViewController.swift; sourceTree = "<group>"; };
		389C8DFD2AF963A2005F9A99 /* DefaultCollectionView.swift */ = {isa = PBXFileReference; lastKnownFileType = sourcecode.swift; path = DefaultCollectionView.swift; sourceTree = "<group>"; };
		389C8E022AF9674B005F9A99 /* LandingPageFirstView.swift */ = {isa = PBXFileReference; lastKnownFileType = sourcecode.swift; path = LandingPageFirstView.swift; sourceTree = "<group>"; };
		389C8E042AF96A88005F9A99 /* UIStackView+Extension.swift */ = {isa = PBXFileReference; lastKnownFileType = sourcecode.swift; path = "UIStackView+Extension.swift"; sourceTree = "<group>"; };
		389C8E072AF97845005F9A99 /* FloatingButtonView.swift */ = {isa = PBXFileReference; lastKnownFileType = sourcecode.swift; path = FloatingButtonView.swift; sourceTree = "<group>"; };
		389C8E232AFBDFEC005F9A99 /* UIView+Extension.swift */ = {isa = PBXFileReference; lastKnownFileType = sourcecode.swift; path = "UIView+Extension.swift"; sourceTree = "<group>"; };
		389C8E262AFBEA45005F9A99 /* LandingPageSecondView.swift */ = {isa = PBXFileReference; lastKnownFileType = sourcecode.swift; path = LandingPageSecondView.swift; sourceTree = "<group>"; };
		389C8E2C2AFBEF8E005F9A99 /* UILabel+Extension.swift */ = {isa = PBXFileReference; lastKnownFileType = sourcecode.swift; path = "UILabel+Extension.swift"; sourceTree = "<group>"; };
		389C8E332AFC0DC3005F9A99 /* LandingPageThirdView.swift */ = {isa = PBXFileReference; lastKnownFileType = sourcecode.swift; path = LandingPageThirdView.swift; sourceTree = "<group>"; };
		389C8E362AFD0CB1005F9A99 /* LandingPageFourthView.swift */ = {isa = PBXFileReference; lastKnownFileType = sourcecode.swift; path = LandingPageFourthView.swift; sourceTree = "<group>"; };
		389C8E392AFD1A78005F9A99 /* LandingPageFifthView.swift */ = {isa = PBXFileReference; lastKnownFileType = sourcecode.swift; path = LandingPageFifthView.swift; sourceTree = "<group>"; };
		389C8E3D2AFD2D62005F9A99 /* ScaledCollectionViewLayout.swift */ = {isa = PBXFileReference; lastKnownFileType = sourcecode.swift; path = ScaledCollectionViewLayout.swift; sourceTree = "<group>"; };
		389C8E402AFD2FE4005F9A99 /* TestimonyCollectionView.swift */ = {isa = PBXFileReference; lastKnownFileType = sourcecode.swift; path = TestimonyCollectionView.swift; sourceTree = "<group>"; };
		389C8E432AFD303D005F9A99 /* TestimonyCollectionViewCell.swift */ = {isa = PBXFileReference; lastKnownFileType = sourcecode.swift; path = TestimonyCollectionViewCell.swift; sourceTree = "<group>"; };
		389C8E452AFD429E005F9A99 /* Testimony.swift */ = {isa = PBXFileReference; lastKnownFileType = sourcecode.swift; path = Testimony.swift; sourceTree = "<group>"; };
		389C8E592AFD53ED005F9A99 /* ShadowTableViewCell.swift */ = {isa = PBXFileReference; lastKnownFileType = sourcecode.swift; path = ShadowTableViewCell.swift; sourceTree = "<group>"; };
		38AEB6A52AF8B85B00E87009 /* SOM AI.app */ = {isa = PBXFileReference; explicitFileType = wrapper.application; includeInIndex = 0; path = "SOM AI.app"; sourceTree = BUILT_PRODUCTS_DIR; };
		38AEB6A82AF8B85B00E87009 /* AppDelegate.swift */ = {isa = PBXFileReference; lastKnownFileType = sourcecode.swift; path = AppDelegate.swift; sourceTree = "<group>"; };
		38AEB6AA2AF8B85B00E87009 /* SceneDelegate.swift */ = {isa = PBXFileReference; lastKnownFileType = sourcecode.swift; path = SceneDelegate.swift; sourceTree = "<group>"; };
		38AEB6AC2AF8B85B00E87009 /* MainViewController.swift */ = {isa = PBXFileReference; lastKnownFileType = sourcecode.swift; path = MainViewController.swift; sourceTree = "<group>"; };
		38AEB6B22AF8B85B00E87009 /* SOM_AI.xcdatamodel */ = {isa = PBXFileReference; lastKnownFileType = wrapper.xcdatamodel; path = SOM_AI.xcdatamodel; sourceTree = "<group>"; };
		38AEB6B42AF8B85C00E87009 /* Assets.xcassets */ = {isa = PBXFileReference; lastKnownFileType = folder.assetcatalog; path = Assets.xcassets; sourceTree = "<group>"; };
		38AEB6B72AF8B85C00E87009 /* Base */ = {isa = PBXFileReference; lastKnownFileType = file.storyboard; name = Base; path = Base.lproj/LaunchScreen.storyboard; sourceTree = "<group>"; };
		38AEB6B92AF8B85C00E87009 /* Info.plist */ = {isa = PBXFileReference; lastKnownFileType = text.plist.xml; path = Info.plist; sourceTree = "<group>"; };
		38AEB6CE2AF8B9D800E87009 /* BaseResponse.swift */ = {isa = PBXFileReference; lastKnownFileType = sourcecode.swift; path = BaseResponse.swift; sourceTree = "<group>"; };
		38AEB6D12AF8BA3500E87009 /* Config.swift */ = {isa = PBXFileReference; lastKnownFileType = sourcecode.swift; path = Config.swift; sourceTree = "<group>"; };
		38AEB6D32AF8BBC000E87009 /* Dev.xcconfig */ = {isa = PBXFileReference; lastKnownFileType = text.xcconfig; path = Dev.xcconfig; sourceTree = "<group>"; };
		38AEB6E42AF8BFC800E87009 /* Theme.xcassets */ = {isa = PBXFileReference; lastKnownFileType = folder.assetcatalog; path = Theme.xcassets; sourceTree = "<group>"; };
		38AEB6E62AF8CA3000E87009 /* Inter-Bold.ttf */ = {isa = PBXFileReference; lastKnownFileType = file; path = "Inter-Bold.ttf"; sourceTree = "<group>"; };
		38AEB6E72AF8CA3000E87009 /* Inter-Black.ttf */ = {isa = PBXFileReference; lastKnownFileType = file; path = "Inter-Black.ttf"; sourceTree = "<group>"; };
		38AEB6E82AF8CA3100E87009 /* Inter-Medium.ttf */ = {isa = PBXFileReference; lastKnownFileType = file; path = "Inter-Medium.ttf"; sourceTree = "<group>"; };
		38AEB6E92AF8CA3100E87009 /* Inter-Regular.ttf */ = {isa = PBXFileReference; lastKnownFileType = file; path = "Inter-Regular.ttf"; sourceTree = "<group>"; };
		38D5081A2B07DE4400F0C277 /* R.generated.swift */ = {isa = PBXFileReference; fileEncoding = 4; lastKnownFileType = sourcecode.swift; path = R.generated.swift; sourceTree = SOURCE_ROOT; };
		442410FDDC5497CE8D423398 /* Pods-SOM AI.release.xcconfig */ = {isa = PBXFileReference; includeInIndex = 1; lastKnownFileType = text.xcconfig; name = "Pods-SOM AI.release.xcconfig"; path = "Target Support Files/Pods-SOM AI/Pods-SOM AI.release.xcconfig"; sourceTree = "<group>"; };
		5DE76406D0F2580234B57743 /* Pods-SOM AI.debug (dev).xcconfig */ = {isa = PBXFileReference; includeInIndex = 1; lastKnownFileType = text.xcconfig; name = "Pods-SOM AI.debug (dev).xcconfig"; path = "Target Support Files/Pods-SOM AI/Pods-SOM AI.debug (dev).xcconfig"; sourceTree = "<group>"; };
		639570997231B6918B9219F0 /* Pods_SOM_AI.framework */ = {isa = PBXFileReference; explicitFileType = wrapper.framework; includeInIndex = 0; path = Pods_SOM_AI.framework; sourceTree = BUILT_PRODUCTS_DIR; };
/* End PBXFileReference section */

/* Begin PBXFrameworksBuildPhase section */
		38AEB6A22AF8B85B00E87009 /* Frameworks */ = {
			isa = PBXFrameworksBuildPhase;
			buildActionMask = 2147483647;
			files = (
				2B8C6A04E620D80C81E0265A /* Pods_SOM_AI.framework in Frameworks */,
			);
			runOnlyForDeploymentPostprocessing = 0;
		};
/* End PBXFrameworksBuildPhase section */

/* Begin PBXGroup section */
		3822D5042B02212000783DB5 /* LoginScene */ = {
			isa = PBXGroup;
			children = (
				3822D5052B02213E00783DB5 /* LoginSceneInterfaces.swift */,
				3822D5062B02213E00783DB5 /* LoginScenePresenter.swift */,
				3822D5072B02213E00783DB5 /* LoginSceneViewController.swift */,
				3822D5082B02213E00783DB5 /* LoginSceneInteractor.swift */,
				3822D5092B02213E00783DB5 /* LoginSceneWireframe.swift */,
			);
			path = LoginScene;
			sourceTree = "<group>";
		};
		3857EAE32B05FD7E00F93068 /* Interfaces */ = {
			isa = PBXGroup;
			children = (
				3857EAE82B05FDD500F93068 /* InteractorInterface.swift */,
				3857EAEA2B05FE0000F93068 /* PresenterInterface.swift */,
				3857EAE62B05FDBF00F93068 /* ViewInterface.swift */,
				3857EAE42B05FD8A00F93068 /* WireframeInterface.swift */,
			);
			path = Interfaces;
			sourceTree = "<group>";
		};
		3857EAEC2B06000A00F93068 /* TextFields */ = {
			isa = PBXGroup;
			children = (
				3857EAED2B06001D00F93068 /* DefaultTextField.swift */,
				3857EAF02B06052700F93068 /* PasswordTextField.swift */,
			);
			path = TextFields;
			sourceTree = "<group>";
		};
		3857EAF52B06560D00F93068 /* ModalPresentationViews */ = {
			isa = PBXGroup;
			children = (
				3857EAF62B06562B00F93068 /* CustomModalViewController.swift */,
			);
			path = ModalPresentationViews;
			sourceTree = "<group>";
		};
		3857EB022B0774E100F93068 /* ToastManager */ = {
			isa = PBXGroup;
			children = (
				3857EAFD2B074E0B00F93068 /* ToastManager.swift */,
				3857EB032B0774EF00F93068 /* DefaultToast.swift */,
			);
			path = ToastManager;
			sourceTree = "<group>";
		};
		3857EB052B07BDCF00F93068 /* RegisterScene */ = {
			isa = PBXGroup;
			children = (
				3857EB072B07BDE900F93068 /* RegisterSceneInterfaces.swift */,
				3857EB082B07BDE900F93068 /* RegisterScenePresenter.swift */,
				3857EB092B07BDE900F93068 /* RegisterSceneViewController.swift */,
				3857EB0A2B07BDE900F93068 /* RegisterSceneInteractor.swift */,
				3857EB0B2B07BDE900F93068 /* RegisterSceneWireframe.swift */,
			);
			path = RegisterScene;
			sourceTree = "<group>";
		};
		389C8DF52AF96212005F9A99 /* LandingPageScene */ = {
			isa = PBXGroup;
			children = (
				389C8DF62AF9622D005F9A99 /* LandingPageSceneViewController.swift */,
			);
			path = LandingPageScene;
			sourceTree = "<group>";
		};
		389C8DFC2AF96393005F9A99 /* CollectionViews */ = {
			isa = PBXGroup;
			children = (
				389C8E422AFD3027005F9A99 /* TestimonyCollectionView */,
				389C8DFD2AF963A2005F9A99 /* DefaultCollectionView.swift */,
			);
			path = CollectionViews;
			sourceTree = "<group>";
		};
		389C8DFF2AF96493005F9A99 /* LandingPageSection */ = {
			isa = PBXGroup;
			children = (
				389C8E022AF9674B005F9A99 /* LandingPageFirstView.swift */,
				389C8E262AFBEA45005F9A99 /* LandingPageSecondView.swift */,
				389C8E332AFC0DC3005F9A99 /* LandingPageThirdView.swift */,
				389C8E362AFD0CB1005F9A99 /* LandingPageFourthView.swift */,
				389C8E392AFD1A78005F9A99 /* LandingPageFifthView.swift */,
				382E92812AFE6B0100AA7C93 /* LandingPageSixthView.swift */,
				3822D4FF2B0210A900783DB5 /* LandingPageSeventhView.swift */,
			);
			path = LandingPageSection;
			sourceTree = "<group>";
		};
		389C8E062AF97815005F9A99 /* Buttons */ = {
			isa = PBXGroup;
			children = (
				389C8E072AF97845005F9A99 /* FloatingButtonView.swift */,
			);
			path = Buttons;
			sourceTree = "<group>";
		};
		389C8E3C2AFD2D2C005F9A99 /* CollectionViewLayouts */ = {
			isa = PBXGroup;
			children = (
				389C8E3D2AFD2D62005F9A99 /* ScaledCollectionViewLayout.swift */,
			);
			path = CollectionViewLayouts;
			sourceTree = "<group>";
		};
		389C8E422AFD3027005F9A99 /* TestimonyCollectionView */ = {
			isa = PBXGroup;
			children = (
				389C8E402AFD2FE4005F9A99 /* TestimonyCollectionView.swift */,
				389C8E432AFD303D005F9A99 /* TestimonyCollectionViewCell.swift */,
			);
			path = TestimonyCollectionView;
			sourceTree = "<group>";
		};
		389C8E572AFD53C5005F9A99 /* TableViews */ = {
			isa = PBXGroup;
			children = (
				389C8E582AFD53CC005F9A99 /* ShadowTableVIew */,
			);
			path = TableViews;
			sourceTree = "<group>";
		};
		389C8E582AFD53CC005F9A99 /* ShadowTableVIew */ = {
			isa = PBXGroup;
			children = (
				389C8E592AFD53ED005F9A99 /* ShadowTableViewCell.swift */,
			);
			path = ShadowTableVIew;
			sourceTree = "<group>";
		};
		38AEB69C2AF8B85B00E87009 = {
			isa = PBXGroup;
			children = (
				38AEB6A72AF8B85B00E87009 /* SOM AI */,
				38AEB6A62AF8B85B00E87009 /* Products */,
				38AEB7152AF9490800E87009 /* Frameworks */,
				7ADE183995E0918333CE8042 /* Pods */,
			);
			sourceTree = "<group>";
		};
		38AEB6A62AF8B85B00E87009 /* Products */ = {
			isa = PBXGroup;
			children = (
				38AEB6A52AF8B85B00E87009 /* SOM AI.app */,
			);
			name = Products;
			sourceTree = "<group>";
		};
		38AEB6A72AF8B85B00E87009 /* SOM AI */ = {
			isa = PBXGroup;
			children = (
				38D5081A2B07DE4400F0C277 /* R.generated.swift */,
				3857EAFB2B074C3B00F93068 /* SOM AI.entitlements */,
				38AEB6CC2AF8B8C100E87009 /* Application */,
				38AEB6CD2AF8B9B200E87009 /* Base */,
				38AEB6D02AF8BA0D00E87009 /* Configs */,
				38AEB6D42AF8BE0700E87009 /* Data */,
				38AEB6D92AF8BE3000E87009 /* Extensions */,
				38AEB6DA2AF8BE4400E87009 /* Managers */,
				38AEB6DB2AF8BE7900E87009 /* Resources */,
				38AEB6AA2AF8B85B00E87009 /* SceneDelegate.swift */,
				38AEB6DF2AF8BEE400E87009 /* UI */,
				38AEB6E02AF8BEE900E87009 /* Utils */,
				38AEB6AC2AF8B85B00E87009 /* MainViewController.swift */,
			);
			path = "SOM AI";
			sourceTree = "<group>";
		};
		38AEB6CC2AF8B8C100E87009 /* Application */ = {
			isa = PBXGroup;
			children = (
				38AEB6A82AF8B85B00E87009 /* AppDelegate.swift */,
				38AEB6B92AF8B85C00E87009 /* Info.plist */,
				38AEB6B62AF8B85C00E87009 /* LaunchScreen.storyboard */,
			);
			path = Application;
			sourceTree = "<group>";
		};
		38AEB6CD2AF8B9B200E87009 /* Base */ = {
			isa = PBXGroup;
			children = (
				3857EAE32B05FD7E00F93068 /* Interfaces */,
				38AEB6CE2AF8B9D800E87009 /* BaseResponse.swift */,
				3857EAE02B05FD5C00F93068 /* BaseWireframe.swift */,
			);
			path = Base;
			sourceTree = "<group>";
		};
		38AEB6D02AF8BA0D00E87009 /* Configs */ = {
			isa = PBXGroup;
			children = (
				38AEB6D12AF8BA3500E87009 /* Config.swift */,
				38AEB6D32AF8BBC000E87009 /* Dev.xcconfig */,
			);
			path = Configs;
			sourceTree = "<group>";
		};
		38AEB6D42AF8BE0700E87009 /* Data */ = {
			isa = PBXGroup;
			children = (
				38AEB6D62AF8BE1100E87009 /* CoreData */,
				38AEB6D52AF8BE0C00E87009 /* Enums */,
				38AEB6D72AF8BE1A00E87009 /* Models */,
				38AEB6D82AF8BE1F00E87009 /* Network */,
			);
			path = Data;
			sourceTree = "<group>";
		};
		38AEB6D52AF8BE0C00E87009 /* Enums */ = {
			isa = PBXGroup;
			children = (
			);
			path = Enums;
			sourceTree = "<group>";
		};
		38AEB6D62AF8BE1100E87009 /* CoreData */ = {
			isa = PBXGroup;
			children = (
				38AEB6DE2AF8BEC400E87009 /* Model */,
			);
			path = CoreData;
			sourceTree = "<group>";
		};
		38AEB6D72AF8BE1A00E87009 /* Models */ = {
			isa = PBXGroup;
			children = (
				389C8E452AFD429E005F9A99 /* Testimony.swift */,
				384CBBF72AFE736400CC6966 /* FrequentlyAskedQuestion.swift */,
			);
			path = Models;
			sourceTree = "<group>";
		};
		38AEB6D82AF8BE1F00E87009 /* Network */ = {
			isa = PBXGroup;
			children = (
			);
			path = Network;
			sourceTree = "<group>";
		};
		38AEB6D92AF8BE3000E87009 /* Extensions */ = {
			isa = PBXGroup;
			children = (
				3857EAF32B060B3100F93068 /* UIButton+Extension.swift */,
				389C8E2C2AFBEF8E005F9A99 /* UILabel+Extension.swift */,
				3857EAF92B0657E000F93068 /* UINavigationController+Extension.swift */,
				389C8E042AF96A88005F9A99 /* UIStackView+Extension.swift */,
				389C8E232AFBDFEC005F9A99 /* UIView+Extension.swift */,
			);
			path = Extensions;
			sourceTree = "<group>";
		};
		38AEB6DA2AF8BE4400E87009 /* Managers */ = {
			isa = PBXGroup;
			children = (
				3857EB022B0774E100F93068 /* ToastManager */,
			);
			path = Managers;
			sourceTree = "<group>";
		};
		38AEB6DB2AF8BE7900E87009 /* Resources */ = {
			isa = PBXGroup;
			children = (
				38AEB6DD2AF8BE8A00E87009 /* Assets */,
				38AEB6DC2AF8BE7F00E87009 /* Fonts */,
			);
			path = Resources;
			sourceTree = "<group>";
		};
		38AEB6DC2AF8BE7F00E87009 /* Fonts */ = {
			isa = PBXGroup;
			children = (
				38AEB6E72AF8CA3000E87009 /* Inter-Black.ttf */,
				38AEB6E62AF8CA3000E87009 /* Inter-Bold.ttf */,
				38AEB6E82AF8CA3100E87009 /* Inter-Medium.ttf */,
				38AEB6E92AF8CA3100E87009 /* Inter-Regular.ttf */,
			);
			path = Fonts;
			sourceTree = "<group>";
		};
		38AEB6DD2AF8BE8A00E87009 /* Assets */ = {
			isa = PBXGroup;
			children = (
				38AEB6B42AF8B85C00E87009 /* Assets.xcassets */,
				38AEB6E42AF8BFC800E87009 /* Theme.xcassets */,
			);
			path = Assets;
			sourceTree = "<group>";
		};
		38AEB6DE2AF8BEC400E87009 /* Model */ = {
			isa = PBXGroup;
			children = (
				38AEB6B12AF8B85B00E87009 /* SOM_AI.xcdatamodeld */,
			);
			path = Model;
			sourceTree = "<group>";
		};
		38AEB6DF2AF8BEE400E87009 /* UI */ = {
			isa = PBXGroup;
			children = (
				38AEB6E12AF8BF3600E87009 /* Components */,
				38AEB6E22AF8BF4700E87009 /* Scenes */,
				38AEB6E32AF8BF4E00E87009 /* Sections */,
			);
			path = UI;
			sourceTree = "<group>";
		};
		38AEB6E02AF8BEE900E87009 /* Utils */ = {
			isa = PBXGroup;
			children = (
			);
			path = Utils;
			sourceTree = "<group>";
		};
		38AEB6E12AF8BF3600E87009 /* Components */ = {
			isa = PBXGroup;
			children = (
				3857EAF52B06560D00F93068 /* ModalPresentationViews */,
				389C8E062AF97815005F9A99 /* Buttons */,
				389C8E3C2AFD2D2C005F9A99 /* CollectionViewLayouts */,
				389C8DFC2AF96393005F9A99 /* CollectionViews */,
				389C8E572AFD53C5005F9A99 /* TableViews */,
				3857EAEC2B06000A00F93068 /* TextFields */,
			);
			path = Components;
			sourceTree = "<group>";
		};
		38AEB6E22AF8BF4700E87009 /* Scenes */ = {
			isa = PBXGroup;
			children = (
				3857EB052B07BDCF00F93068 /* RegisterScene */,
				3822D5042B02212000783DB5 /* LoginScene */,
				389C8DF52AF96212005F9A99 /* LandingPageScene */,
			);
			path = Scenes;
			sourceTree = "<group>";
		};
		38AEB6E32AF8BF4E00E87009 /* Sections */ = {
			isa = PBXGroup;
			children = (
				389C8DFF2AF96493005F9A99 /* LandingPageSection */,
			);
			path = Sections;
			sourceTree = "<group>";
		};
		38AEB7152AF9490800E87009 /* Frameworks */ = {
			isa = PBXGroup;
			children = (
				639570997231B6918B9219F0 /* Pods_SOM_AI.framework */,
			);
			name = Frameworks;
			sourceTree = "<group>";
		};
		7ADE183995E0918333CE8042 /* Pods */ = {
			isa = PBXGroup;
			children = (
				5DE76406D0F2580234B57743 /* Pods-SOM AI.debug (dev).xcconfig */,
				442410FDDC5497CE8D423398 /* Pods-SOM AI.release.xcconfig */,
			);
			path = Pods;
			sourceTree = "<group>";
		};
/* End PBXGroup section */

/* Begin PBXNativeTarget section */
		38AEB6A42AF8B85B00E87009 /* SOM AI */ = {
			isa = PBXNativeTarget;
			buildConfigurationList = 38AEB6BC2AF8B85C00E87009 /* Build configuration list for PBXNativeTarget "SOM AI" */;
			buildPhases = (
				22BDFC617EA072EC61E92DE8 /* [CP] Check Pods Manifest.lock */,
				38BC67032B07DBC000FF2603 /* ShellScript */,
				38AEB6A12AF8B85B00E87009 /* Sources */,
				38AEB6A22AF8B85B00E87009 /* Frameworks */,
				38AEB6A32AF8B85B00E87009 /* Resources */,
				38AEB71B2AF94AB200E87009 /* Embed Frameworks */,
				CF522872679A75E33A1A302C /* [CP] Embed Pods Frameworks */,
			);
			buildRules = (
			);
			dependencies = (
				384C136D2AF9506B00DCC14A /* PBXTargetDependency */,
			);
			name = "SOM AI";
			productName = "SOM AI";
			productReference = 38AEB6A52AF8B85B00E87009 /* SOM AI.app */;
			productType = "com.apple.product-type.application";
		};
/* End PBXNativeTarget section */

/* Begin PBXProject section */
		38AEB69D2AF8B85B00E87009 /* Project object */ = {
			isa = PBXProject;
			attributes = {
				BuildIndependentTargetsInParallel = 1;
				LastSwiftUpdateCheck = 1510;
				LastUpgradeCheck = 1510;
				TargetAttributes = {
					38AEB6A42AF8B85B00E87009 = {
						CreatedOnToolsVersion = 15.1;
					};
				};
			};
			buildConfigurationList = 38AEB6A02AF8B85B00E87009 /* Build configuration list for PBXProject "SOM AI" */;
			compatibilityVersion = "Xcode 14.0";
			developmentRegion = en;
			hasScannedForEncodings = 0;
			knownRegions = (
				en,
				Base,
			);
			mainGroup = 38AEB69C2AF8B85B00E87009;
			productRefGroup = 38AEB6A62AF8B85B00E87009 /* Products */;
			projectDirPath = "";
			projectRoot = "";
			targets = (
				38AEB6A42AF8B85B00E87009 /* SOM AI */,
			);
		};
/* End PBXProject section */

/* Begin PBXResourcesBuildPhase section */
		38AEB6A32AF8B85B00E87009 /* Resources */ = {
			isa = PBXResourcesBuildPhase;
			buildActionMask = 2147483647;
			files = (
				38AEB6E52AF8BFC800E87009 /* Theme.xcassets in Resources */,
				38AEB6B82AF8B85C00E87009 /* LaunchScreen.storyboard in Resources */,
				38AEB6EC2AF8CA3100E87009 /* Inter-Medium.ttf in Resources */,
				38AEB6EB2AF8CA3100E87009 /* Inter-Black.ttf in Resources */,
				38AEB6EA2AF8CA3100E87009 /* Inter-Bold.ttf in Resources */,
				38AEB6B52AF8B85C00E87009 /* Assets.xcassets in Resources */,
				38AEB6ED2AF8CA3100E87009 /* Inter-Regular.ttf in Resources */,
			);
			runOnlyForDeploymentPostprocessing = 0;
		};
/* End PBXResourcesBuildPhase section */

/* Begin PBXShellScriptBuildPhase section */
		22BDFC617EA072EC61E92DE8 /* [CP] Check Pods Manifest.lock */ = {
			isa = PBXShellScriptBuildPhase;
			buildActionMask = 2147483647;
			files = (
			);
			inputFileListPaths = (
			);
			inputPaths = (
				"${PODS_PODFILE_DIR_PATH}/Podfile.lock",
				"${PODS_ROOT}/Manifest.lock",
			);
			name = "[CP] Check Pods Manifest.lock";
			outputFileListPaths = (
			);
			outputPaths = (
				"$(DERIVED_FILE_DIR)/Pods-SOM AI-checkManifestLockResult.txt",
			);
			runOnlyForDeploymentPostprocessing = 0;
			shellPath = /bin/sh;
			shellScript = "diff \"${PODS_PODFILE_DIR_PATH}/Podfile.lock\" \"${PODS_ROOT}/Manifest.lock\" > /dev/null\nif [ $? != 0 ] ; then\n    # print error to STDERR\n    echo \"error: The sandbox is not in sync with the Podfile.lock. Run 'pod install' or update your CocoaPods installation.\" >&2\n    exit 1\nfi\n# This output is used by Xcode 'outputs' to avoid re-running this script phase.\necho \"SUCCESS\" > \"${SCRIPT_OUTPUT_FILE_0}\"\n";
			showEnvVarsInLog = 0;
		};
		38BC67032B07DBC000FF2603 /* ShellScript */ = {
			isa = PBXShellScriptBuildPhase;
			alwaysOutOfDate = 1;
			buildActionMask = 2147483647;
			files = (
			);
			inputFileListPaths = (
			);
			inputPaths = (
			);
			outputFileListPaths = (
			);
			outputPaths = (
				$SRCROOT/R.generated.swift,
			);
			runOnlyForDeploymentPostprocessing = 0;
			shellPath = /bin/sh;
			shellScript = "\"$PODS_ROOT/R.swift/rswift\" generate \"$SRCROOT/R.generated.swift\"\n";
		};
		CF522872679A75E33A1A302C /* [CP] Embed Pods Frameworks */ = {
			isa = PBXShellScriptBuildPhase;
			buildActionMask = 2147483647;
			files = (
			);
			inputFileListPaths = (
				"${PODS_ROOT}/Target Support Files/Pods-SOM AI/Pods-SOM AI-frameworks-${CONFIGURATION}-input-files.xcfilelist",
			);
			name = "[CP] Embed Pods Frameworks";
			outputFileListPaths = (
				"${PODS_ROOT}/Target Support Files/Pods-SOM AI/Pods-SOM AI-frameworks-${CONFIGURATION}-output-files.xcfilelist",
			);
			runOnlyForDeploymentPostprocessing = 0;
			shellPath = /bin/sh;
			shellScript = "\"${PODS_ROOT}/Target Support Files/Pods-SOM AI/Pods-SOM AI-frameworks.sh\"\n";
			showEnvVarsInLog = 0;
		};
/* End PBXShellScriptBuildPhase section */

/* Begin PBXSourcesBuildPhase section */
		38AEB6A12AF8B85B00E87009 /* Sources */ = {
			isa = PBXSourcesBuildPhase;
			buildActionMask = 2147483647;
			files = (
				389C8E032AF9674B005F9A99 /* LandingPageFirstView.swift in Sources */,
				3822D50E2B02213E00783DB5 /* LoginSceneWireframe.swift in Sources */,
				3857EAE12B05FD5C00F93068 /* BaseWireframe.swift in Sources */,
				389C8E442AFD303D005F9A99 /* TestimonyCollectionViewCell.swift in Sources */,
				3857EB0F2B07BDE900F93068 /* RegisterSceneInteractor.swift in Sources */,
				3857EB102B07BDE900F93068 /* RegisterSceneWireframe.swift in Sources */,
				389C8E412AFD2FE4005F9A99 /* TestimonyCollectionView.swift in Sources */,
				38AEB6CF2AF8B9D800E87009 /* BaseResponse.swift in Sources */,
				3857EAE52B05FD8A00F93068 /* WireframeInterface.swift in Sources */,
				389C8E2D2AFBEF8E005F9A99 /* UILabel+Extension.swift in Sources */,
				389C8E372AFD0CB1005F9A99 /* LandingPageFourthView.swift in Sources */,
				38D5081B2B07DE4400F0C277 /* R.generated.swift in Sources */,
				389C8E3E2AFD2D62005F9A99 /* ScaledCollectionViewLayout.swift in Sources */,
				3857EB0C2B07BDE900F93068 /* RegisterSceneInterfaces.swift in Sources */,
				3857EAE72B05FDBF00F93068 /* ViewInterface.swift in Sources */,
				384CBBF82AFE736400CC6966 /* FrequentlyAskedQuestion.swift in Sources */,
				389C8DFE2AF963A2005F9A99 /* DefaultCollectionView.swift in Sources */,
				389C8E052AF96A88005F9A99 /* UIStackView+Extension.swift in Sources */,
				389C8E462AFD429E005F9A99 /* Testimony.swift in Sources */,
				3822D50D2B02213E00783DB5 /* LoginSceneInteractor.swift in Sources */,
				38AEB6AD2AF8B85B00E87009 /* MainViewController.swift in Sources */,
				38AEB6A92AF8B85B00E87009 /* AppDelegate.swift in Sources */,
				389C8E242AFBDFEC005F9A99 /* UIView+Extension.swift in Sources */,
				38AEB6AB2AF8B85B00E87009 /* SceneDelegate.swift in Sources */,
				3857EAE92B05FDD500F93068 /* InteractorInterface.swift in Sources */,
				3857EB0D2B07BDE900F93068 /* RegisterScenePresenter.swift in Sources */,
				3857EAF12B06052700F93068 /* PasswordTextField.swift in Sources */,
				3822D50C2B02213E00783DB5 /* LoginSceneViewController.swift in Sources */,
				3857EAF42B060B3100F93068 /* UIButton+Extension.swift in Sources */,
				389C8DF72AF9622D005F9A99 /* LandingPageSceneViewController.swift in Sources */,
				389C8E342AFC0DC3005F9A99 /* LandingPageThirdView.swift in Sources */,
				3857EAFE2B074E0B00F93068 /* ToastManager.swift in Sources */,
				382E92822AFE6B0100AA7C93 /* LandingPageSixthView.swift in Sources */,
				3857EAFA2B0657E000F93068 /* UINavigationController+Extension.swift in Sources */,
				3822D5002B0210A900783DB5 /* LandingPageSeventhView.swift in Sources */,
				38AEB6B32AF8B85B00E87009 /* SOM_AI.xcdatamodeld in Sources */,
				3857EB0E2B07BDE900F93068 /* RegisterSceneViewController.swift in Sources */,
				3857EAF72B06562B00F93068 /* CustomModalViewController.swift in Sources */,
				3822D50A2B02213E00783DB5 /* LoginSceneInterfaces.swift in Sources */,
				389C8E5A2AFD53ED005F9A99 /* ShadowTableViewCell.swift in Sources */,
				389C8E272AFBEA45005F9A99 /* LandingPageSecondView.swift in Sources */,
				389C8E3A2AFD1A78005F9A99 /* LandingPageFifthView.swift in Sources */,
				3857EAEE2B06001D00F93068 /* DefaultTextField.swift in Sources */,
				3857EB042B0774EF00F93068 /* DefaultToast.swift in Sources */,
				38AEB6D22AF8BA3500E87009 /* Config.swift in Sources */,
				389C8E082AF97845005F9A99 /* FloatingButtonView.swift in Sources */,
				3822D50B2B02213E00783DB5 /* LoginScenePresenter.swift in Sources */,
				3857EAEB2B05FE0000F93068 /* PresenterInterface.swift in Sources */,
			);
			runOnlyForDeploymentPostprocessing = 0;
		};
/* End PBXSourcesBuildPhase section */

/* Begin PBXTargetDependency section */
		384C136D2AF9506B00DCC14A /* PBXTargetDependency */ = {
			isa = PBXTargetDependency;
			productRef = 384C136C2AF9506B00DCC14A /* RswiftGeneratePublicResources */;
		};
/* End PBXTargetDependency section */

/* Begin PBXVariantGroup section */
		38AEB6B62AF8B85C00E87009 /* LaunchScreen.storyboard */ = {
			isa = PBXVariantGroup;
			children = (
				38AEB6B72AF8B85C00E87009 /* Base */,
			);
			name = LaunchScreen.storyboard;
			sourceTree = "<group>";
		};
/* End PBXVariantGroup section */

/* Begin XCBuildConfiguration section */
		38AEB6BA2AF8B85C00E87009 /* Debug (Dev) */ = {
			isa = XCBuildConfiguration;
			baseConfigurationReference = 38AEB6D32AF8BBC000E87009 /* Dev.xcconfig */;
			buildSettings = {
				ALWAYS_SEARCH_USER_PATHS = NO;
				ASSETCATALOG_COMPILER_GENERATE_SWIFT_ASSET_SYMBOL_EXTENSIONS = YES;
				CLANG_ANALYZER_NONNULL = YES;
				CLANG_ANALYZER_NUMBER_OBJECT_CONVERSION = YES_AGGRESSIVE;
				CLANG_CXX_LANGUAGE_STANDARD = "gnu++20";
				CLANG_ENABLE_MODULES = YES;
				CLANG_ENABLE_OBJC_ARC = YES;
				CLANG_ENABLE_OBJC_WEAK = YES;
				CLANG_WARN_BLOCK_CAPTURE_AUTORELEASING = YES;
				CLANG_WARN_BOOL_CONVERSION = YES;
				CLANG_WARN_COMMA = YES;
				CLANG_WARN_CONSTANT_CONVERSION = YES;
				CLANG_WARN_DEPRECATED_OBJC_IMPLEMENTATIONS = YES;
				CLANG_WARN_DIRECT_OBJC_ISA_USAGE = YES_ERROR;
				CLANG_WARN_DOCUMENTATION_COMMENTS = YES;
				CLANG_WARN_EMPTY_BODY = YES;
				CLANG_WARN_ENUM_CONVERSION = YES;
				CLANG_WARN_INFINITE_RECURSION = YES;
				CLANG_WARN_INT_CONVERSION = YES;
				CLANG_WARN_NON_LITERAL_NULL_CONVERSION = YES;
				CLANG_WARN_OBJC_IMPLICIT_RETAIN_SELF = YES;
				CLANG_WARN_OBJC_LITERAL_CONVERSION = YES;
				CLANG_WARN_OBJC_ROOT_CLASS = YES_ERROR;
				CLANG_WARN_QUOTED_INCLUDE_IN_FRAMEWORK_HEADER = YES;
				CLANG_WARN_RANGE_LOOP_ANALYSIS = YES;
				CLANG_WARN_STRICT_PROTOTYPES = YES;
				CLANG_WARN_SUSPICIOUS_MOVE = YES;
				CLANG_WARN_UNGUARDED_AVAILABILITY = YES_AGGRESSIVE;
				CLANG_WARN_UNREACHABLE_CODE = YES;
				CLANG_WARN__DUPLICATE_METHOD_MATCH = YES;
				COPY_PHASE_STRIP = NO;
				DEBUG_INFORMATION_FORMAT = dwarf;
				ENABLE_STRICT_OBJC_MSGSEND = YES;
				ENABLE_TESTABILITY = YES;
				ENABLE_USER_SCRIPT_SANDBOXING = YES;
				FRAMEWORK_SEARCH_PATHS = "$(SRCROOT)/**";
				GCC_C_LANGUAGE_STANDARD = gnu17;
				GCC_DYNAMIC_NO_PIC = NO;
				GCC_NO_COMMON_BLOCKS = YES;
				GCC_OPTIMIZATION_LEVEL = 0;
				GCC_PREPROCESSOR_DEFINITIONS = (
					"DEBUG=1",
					"$(inherited)",
				);
				GCC_WARN_64_TO_32_BIT_CONVERSION = YES;
				GCC_WARN_ABOUT_RETURN_TYPE = YES_ERROR;
				GCC_WARN_UNDECLARED_SELECTOR = YES;
				GCC_WARN_UNINITIALIZED_AUTOS = YES_AGGRESSIVE;
				GCC_WARN_UNUSED_FUNCTION = YES;
				GCC_WARN_UNUSED_VARIABLE = YES;
				IPHONEOS_DEPLOYMENT_TARGET = 15.0;
				LOCALIZATION_PREFERS_STRING_CATALOGS = YES;
				MTL_ENABLE_DEBUG_INFO = INCLUDE_SOURCE;
				MTL_FAST_MATH = YES;
				ONLY_ACTIVE_ARCH = YES;
				SDKROOT = iphoneos;
				SWIFT_ACTIVE_COMPILATION_CONDITIONS = "DEBUG $(inherited)";
				SWIFT_OPTIMIZATION_LEVEL = "-Onone";
			};
			name = "Debug (Dev)";
		};
		38AEB6BB2AF8B85C00E87009 /* Release */ = {
			isa = XCBuildConfiguration;
			buildSettings = {
				ALWAYS_SEARCH_USER_PATHS = NO;
				ASSETCATALOG_COMPILER_GENERATE_SWIFT_ASSET_SYMBOL_EXTENSIONS = YES;
				CLANG_ANALYZER_NONNULL = YES;
				CLANG_ANALYZER_NUMBER_OBJECT_CONVERSION = YES_AGGRESSIVE;
				CLANG_CXX_LANGUAGE_STANDARD = "gnu++20";
				CLANG_ENABLE_MODULES = YES;
				CLANG_ENABLE_OBJC_ARC = YES;
				CLANG_ENABLE_OBJC_WEAK = YES;
				CLANG_WARN_BLOCK_CAPTURE_AUTORELEASING = YES;
				CLANG_WARN_BOOL_CONVERSION = YES;
				CLANG_WARN_COMMA = YES;
				CLANG_WARN_CONSTANT_CONVERSION = YES;
				CLANG_WARN_DEPRECATED_OBJC_IMPLEMENTATIONS = YES;
				CLANG_WARN_DIRECT_OBJC_ISA_USAGE = YES_ERROR;
				CLANG_WARN_DOCUMENTATION_COMMENTS = YES;
				CLANG_WARN_EMPTY_BODY = YES;
				CLANG_WARN_ENUM_CONVERSION = YES;
				CLANG_WARN_INFINITE_RECURSION = YES;
				CLANG_WARN_INT_CONVERSION = YES;
				CLANG_WARN_NON_LITERAL_NULL_CONVERSION = YES;
				CLANG_WARN_OBJC_IMPLICIT_RETAIN_SELF = YES;
				CLANG_WARN_OBJC_LITERAL_CONVERSION = YES;
				CLANG_WARN_OBJC_ROOT_CLASS = YES_ERROR;
				CLANG_WARN_QUOTED_INCLUDE_IN_FRAMEWORK_HEADER = YES;
				CLANG_WARN_RANGE_LOOP_ANALYSIS = YES;
				CLANG_WARN_STRICT_PROTOTYPES = YES;
				CLANG_WARN_SUSPICIOUS_MOVE = YES;
				CLANG_WARN_UNGUARDED_AVAILABILITY = YES_AGGRESSIVE;
				CLANG_WARN_UNREACHABLE_CODE = YES;
				CLANG_WARN__DUPLICATE_METHOD_MATCH = YES;
				COPY_PHASE_STRIP = NO;
				DEBUG_INFORMATION_FORMAT = "dwarf-with-dsym";
				ENABLE_NS_ASSERTIONS = NO;
				ENABLE_STRICT_OBJC_MSGSEND = YES;
				ENABLE_USER_SCRIPT_SANDBOXING = YES;
				FRAMEWORK_SEARCH_PATHS = "$(SRCROOT)/**";
				GCC_C_LANGUAGE_STANDARD = gnu17;
				GCC_NO_COMMON_BLOCKS = YES;
				GCC_WARN_64_TO_32_BIT_CONVERSION = YES;
				GCC_WARN_ABOUT_RETURN_TYPE = YES_ERROR;
				GCC_WARN_UNDECLARED_SELECTOR = YES;
				GCC_WARN_UNINITIALIZED_AUTOS = YES_AGGRESSIVE;
				GCC_WARN_UNUSED_FUNCTION = YES;
				GCC_WARN_UNUSED_VARIABLE = YES;
				IPHONEOS_DEPLOYMENT_TARGET = 15.0;
				LOCALIZATION_PREFERS_STRING_CATALOGS = YES;
				MTL_ENABLE_DEBUG_INFO = NO;
				MTL_FAST_MATH = YES;
				SDKROOT = iphoneos;
				SWIFT_COMPILATION_MODE = wholemodule;
				VALIDATE_PRODUCT = YES;
			};
			name = Release;
		};
		38AEB6BD2AF8B85C00E87009 /* Debug (Dev) */ = {
			isa = XCBuildConfiguration;
			baseConfigurationReference = 38AEB6D32AF8BBC000E87009 /* Dev.xcconfig */;
			buildSettings = {
				ASSETCATALOG_COMPILER_APPICON_NAME = AppIcon;
				ASSETCATALOG_COMPILER_GLOBAL_ACCENT_COLOR_NAME = AccentColor;
				CODE_SIGN_ENTITLEMENTS = "SOM AI/SOM AI.entitlements";
				CODE_SIGN_STYLE = Automatic;
				CURRENT_PROJECT_VERSION = 1;
				DEVELOPMENT_TEAM = CA9KP7YRD3;
				ENABLE_USER_SCRIPT_SANDBOXING = NO;
				GENERATE_INFOPLIST_FILE = YES;
				INFOPLIST_FILE = "SOM AI/Application/Info.plist";
				INFOPLIST_KEY_UIApplicationSupportsIndirectInputEvents = YES;
				INFOPLIST_KEY_UILaunchStoryboardName = LaunchScreen;
				INFOPLIST_KEY_UISupportedInterfaceOrientations_iPad = "UIInterfaceOrientationPortrait UIInterfaceOrientationPortraitUpsideDown UIInterfaceOrientationLandscapeLeft UIInterfaceOrientationLandscapeRight";
				INFOPLIST_KEY_UISupportedInterfaceOrientations_iPhone = "UIInterfaceOrientationPortrait UIInterfaceOrientationLandscapeLeft UIInterfaceOrientationLandscapeRight";
				LD_RUNPATH_SEARCH_PATHS = (
					"$(inherited)",
					"@executable_path/Frameworks",
				);
				MARKETING_VERSION = 1.0;
				PRODUCT_BUNDLE_IDENTIFIER = "com.rabbanilham.SOM-AI";
				PRODUCT_NAME = "$(TARGET_NAME)";
				SWIFT_EMIT_LOC_STRINGS = YES;
				SWIFT_VERSION = 5.0;
				TARGETED_DEVICE_FAMILY = "1,2";
			};
			name = "Debug (Dev)";
		};
		38AEB6BE2AF8B85C00E87009 /* Release */ = {
			isa = XCBuildConfiguration;
			baseConfigurationReference = 442410FDDC5497CE8D423398 /* Pods-SOM AI.release.xcconfig */;
			buildSettings = {
				ASSETCATALOG_COMPILER_APPICON_NAME = AppIcon;
				ASSETCATALOG_COMPILER_GLOBAL_ACCENT_COLOR_NAME = AccentColor;
				CODE_SIGN_ENTITLEMENTS = "SOM AI/SOM AI.entitlements";
				CODE_SIGN_STYLE = Automatic;
				CURRENT_PROJECT_VERSION = 1;
				DEVELOPMENT_TEAM = CA9KP7YRD3;
				ENABLE_USER_SCRIPT_SANDBOXING = NO;
				GENERATE_INFOPLIST_FILE = YES;
				INFOPLIST_FILE = "SOM AI/Application/Info.plist";
				INFOPLIST_KEY_UIApplicationSupportsIndirectInputEvents = YES;
				INFOPLIST_KEY_UILaunchStoryboardName = LaunchScreen;
				INFOPLIST_KEY_UISupportedInterfaceOrientations_iPad = "UIInterfaceOrientationPortrait UIInterfaceOrientationPortraitUpsideDown UIInterfaceOrientationLandscapeLeft UIInterfaceOrientationLandscapeRight";
				INFOPLIST_KEY_UISupportedInterfaceOrientations_iPhone = "UIInterfaceOrientationPortrait UIInterfaceOrientationLandscapeLeft UIInterfaceOrientationLandscapeRight";
				LD_RUNPATH_SEARCH_PATHS = (
					"$(inherited)",
					"@executable_path/Frameworks",
				);
				MARKETING_VERSION = 1.0;
				PRODUCT_BUNDLE_IDENTIFIER = "com.rabbanilham.SOM-AI";
				PRODUCT_NAME = "$(TARGET_NAME)";
				SWIFT_EMIT_LOC_STRINGS = YES;
				SWIFT_VERSION = 5.0;
				TARGETED_DEVICE_FAMILY = "1,2";
			};
			name = Release;
		};
/* End XCBuildConfiguration section */

/* Begin XCConfigurationList section */
		38AEB6A02AF8B85B00E87009 /* Build configuration list for PBXProject "SOM AI" */ = {
			isa = XCConfigurationList;
			buildConfigurations = (
				38AEB6BA2AF8B85C00E87009 /* Debug (Dev) */,
				38AEB6BB2AF8B85C00E87009 /* Release */,
			);
			defaultConfigurationIsVisible = 0;
			defaultConfigurationName = Release;
		};
		38AEB6BC2AF8B85C00E87009 /* Build configuration list for PBXNativeTarget "SOM AI" */ = {
			isa = XCConfigurationList;
			buildConfigurations = (
				38AEB6BD2AF8B85C00E87009 /* Debug (Dev) */,
				38AEB6BE2AF8B85C00E87009 /* Release */,
			);
			defaultConfigurationIsVisible = 0;
			defaultConfigurationName = Release;
		};
/* End XCConfigurationList section */

/* Begin XCSwiftPackageProductDependency section */
		384C136C2AF9506B00DCC14A /* RswiftGeneratePublicResources */ = {
			isa = XCSwiftPackageProductDependency;
			productName = "plugin:RswiftGeneratePublicResources";
		};
/* End XCSwiftPackageProductDependency section */

/* Begin XCVersionGroup section */
		38AEB6B12AF8B85B00E87009 /* SOM_AI.xcdatamodeld */ = {
			isa = XCVersionGroup;
			children = (
				38AEB6B22AF8B85B00E87009 /* SOM_AI.xcdatamodel */,
			);
			currentVersion = 38AEB6B22AF8B85B00E87009 /* SOM_AI.xcdatamodel */;
			path = SOM_AI.xcdatamodeld;
			sourceTree = "<group>";
			versionGroupType = wrapper.xcdatamodel;
		};
/* End XCVersionGroup section */
	};
	rootObject = 38AEB69D2AF8B85B00E87009 /* Project object */;
}
