// !$*UTF8*$!
{
	archiveVersion = 1;
	classes = {
	};
	objectVersion = 56;
	objects = {

/* Begin PBXBuildFile section */
		38AEB6A92AF8B85B00E87009 /* AppDelegate.swift in Sources */ = {isa = PBXBuildFile; fileRef = 38AEB6A82AF8B85B00E87009 /* AppDelegate.swift */; };
		38AEB6AB2AF8B85B00E87009 /* SceneDelegate.swift in Sources */ = {isa = PBXBuildFile; fileRef = 38AEB6AA2AF8B85B00E87009 /* SceneDelegate.swift */; };
		38AEB6AD2AF8B85B00E87009 /* ViewController.swift in Sources */ = {isa = PBXBuildFile; fileRef = 38AEB6AC2AF8B85B00E87009 /* ViewController.swift */; };
		38AEB6B02AF8B85B00E87009 /* Main.storyboard in Resources */ = {isa = PBXBuildFile; fileRef = 38AEB6AE2AF8B85B00E87009 /* Main.storyboard */; };
		38AEB6B32AF8B85B00E87009 /* SOM_AI.xcdatamodeld in Sources */ = {isa = PBXBuildFile; fileRef = 38AEB6B12AF8B85B00E87009 /* SOM_AI.xcdatamodeld */; };
		38AEB6B52AF8B85C00E87009 /* Assets.xcassets in Resources */ = {isa = PBXBuildFile; fileRef = 38AEB6B42AF8B85C00E87009 /* Assets.xcassets */; };
		38AEB6B82AF8B85C00E87009 /* LaunchScreen.storyboard in Resources */ = {isa = PBXBuildFile; fileRef = 38AEB6B62AF8B85C00E87009 /* LaunchScreen.storyboard */; };
/* End PBXBuildFile section */

/* Begin PBXFileReference section */
		38AEB6A52AF8B85B00E87009 /* SOM AI.app */ = {isa = PBXFileReference; explicitFileType = wrapper.application; includeInIndex = 0; path = "SOM AI.app"; sourceTree = BUILT_PRODUCTS_DIR; };
		38AEB6A82AF8B85B00E87009 /* AppDelegate.swift */ = {isa = PBXFileReference; lastKnownFileType = sourcecode.swift; path = AppDelegate.swift; sourceTree = "<group>"; };
		38AEB6AA2AF8B85B00E87009 /* SceneDelegate.swift */ = {isa = PBXFileReference; lastKnownFileType = sourcecode.swift; path = SceneDelegate.swift; sourceTree = "<group>"; };
		38AEB6AC2AF8B85B00E87009 /* ViewController.swift */ = {isa = PBXFileReference; lastKnownFileType = sourcecode.swift; path = ViewController.swift; sourceTree = "<group>"; };
		38AEB6AF2AF8B85B00E87009 /* Base */ = {isa = PBXFileReference; lastKnownFileType = file.storyboard; name = Base; path = Base.lproj/Main.storyboard; sourceTree = "<group>"; };
		38AEB6B22AF8B85B00E87009 /* SOM_AI.xcdatamodel */ = {isa = PBXFileReference; lastKnownFileType = wrapper.xcdatamodel; path = SOM_AI.xcdatamodel; sourceTree = "<group>"; };
		38AEB6B42AF8B85C00E87009 /* Assets.xcassets */ = {isa = PBXFileReference; lastKnownFileType = folder.assetcatalog; path = Assets.xcassets; sourceTree = "<group>"; };
		38AEB6B72AF8B85C00E87009 /* Base */ = {isa = PBXFileReference; lastKnownFileType = file.storyboard; name = Base; path = Base.lproj/LaunchScreen.storyboard; sourceTree = "<group>"; };
		38AEB6B92AF8B85C00E87009 /* Info.plist */ = {isa = PBXFileReference; lastKnownFileType = text.plist.xml; path = Info.plist; sourceTree = "<group>"; };
/* End PBXFileReference section */

/* Begin PBXFrameworksBuildPhase section */
		38AEB6A22AF8B85B00E87009 /* Frameworks */ = {
			isa = PBXFrameworksBuildPhase;
			buildActionMask = 2147483647;
			files = (
			);
			runOnlyForDeploymentPostprocessing = 0;
		};
/* End PBXFrameworksBuildPhase section */

/* Begin PBXGroup section */
		38AEB69C2AF8B85B00E87009 = {
			isa = PBXGroup;
			children = (
				38AEB6A72AF8B85B00E87009 /* SOM AI */,
				38AEB6A62AF8B85B00E87009 /* Products */,
			);
			sourceTree = "<group>";
		};
		38AEB6A62AF8B85B00E87009 /* Products */ = {
			isa = PBXGroup;
			children = (
				38AEB6A52AF8B85B00E87009 /* SOM AI.app */,
			);
			name = Products;
			sourceTree = "<group>";
		};
		38AEB6A72AF8B85B00E87009 /* SOM AI */ = {
			isa = PBXGroup;
			children = (
				38AEB6A82AF8B85B00E87009 /* AppDelegate.swift */,
				38AEB6AA2AF8B85B00E87009 /* SceneDelegate.swift */,
				38AEB6AC2AF8B85B00E87009 /* ViewController.swift */,
				38AEB6AE2AF8B85B00E87009 /* Main.storyboard */,
				38AEB6B42AF8B85C00E87009 /* Assets.xcassets */,
				38AEB6B62AF8B85C00E87009 /* LaunchScreen.storyboard */,
				38AEB6B92AF8B85C00E87009 /* Info.plist */,
				38AEB6B12AF8B85B00E87009 /* SOM_AI.xcdatamodeld */,
			);
			path = "SOM AI";
			sourceTree = "<group>";
		};
/* End PBXGroup section */

/* Begin PBXNativeTarget section */
		38AEB6A42AF8B85B00E87009 /* SOM AI */ = {
			isa = PBXNativeTarget;
			buildConfigurationList = 38AEB6BC2AF8B85C00E87009 /* Build configuration list for PBXNativeTarget "SOM AI" */;
			buildPhases = (
				38AEB6A12AF8B85B00E87009 /* Sources */,
				38AEB6A22AF8B85B00E87009 /* Frameworks */,
				38AEB6A32AF8B85B00E87009 /* Resources */,
			);
			buildRules = (
			);
			dependencies = (
			);
			name = "SOM AI";
			productName = "SOM AI";
			productReference = 38AEB6A52AF8B85B00E87009 /* SOM AI.app */;
			productType = "com.apple.product-type.application";
		};
/* End PBXNativeTarget section */

/* Begin PBXProject section */
		38AEB69D2AF8B85B00E87009 /* Project object */ = {
			isa = PBXProject;
			attributes = {
				BuildIndependentTargetsInParallel = 1;
				LastSwiftUpdateCheck = 1510;
				LastUpgradeCheck = 1510;
				TargetAttributes = {
					38AEB6A42AF8B85B00E87009 = {
						CreatedOnToolsVersion = 15.1;
					};
				};
			};
			buildConfigurationList = 38AEB6A02AF8B85B00E87009 /* Build configuration list for PBXProject "SOM AI" */;
			compatibilityVersion = "Xcode 14.0";
			developmentRegion = en;
			hasScannedForEncodings = 0;
			knownRegions = (
				en,
				Base,
			);
			mainGroup = 38AEB69C2AF8B85B00E87009;
			productRefGroup = 38AEB6A62AF8B85B00E87009 /* Products */;
			projectDirPath = "";
			projectRoot = "";
			targets = (
				38AEB6A42AF8B85B00E87009 /* SOM AI */,
			);
		};
/* End PBXProject section */

/* Begin PBXResourcesBuildPhase section */
		38AEB6A32AF8B85B00E87009 /* Resources */ = {
			isa = PBXResourcesBuildPhase;
			buildActionMask = 2147483647;
			files = (
				38AEB6B82AF8B85C00E87009 /* LaunchScreen.storyboard in Resources */,
				38AEB6B52AF8B85C00E87009 /* Assets.xcassets in Resources */,
				38AEB6B02AF8B85B00E87009 /* Main.storyboard in Resources */,
			);
			runOnlyForDeploymentPostprocessing = 0;
		};
/* End PBXResourcesBuildPhase section */

/* Begin PBXSourcesBuildPhase section */
		38AEB6A12AF8B85B00E87009 /* Sources */ = {
			isa = PBXSourcesBuildPhase;
			buildActionMask = 2147483647;
			files = (
				38AEB6AD2AF8B85B00E87009 /* ViewController.swift in Sources */,
				38AEB6A92AF8B85B00E87009 /* AppDelegate.swift in Sources */,
				38AEB6AB2AF8B85B00E87009 /* SceneDelegate.swift in Sources */,
				38AEB6B32AF8B85B00E87009 /* SOM_AI.xcdatamodeld in Sources */,
			);
			runOnlyForDeploymentPostprocessing = 0;
		};
/* End PBXSourcesBuildPhase section */

/* Begin PBXVariantGroup section */
		38AEB6AE2AF8B85B00E87009 /* Main.storyboard */ = {
			isa = PBXVariantGroup;
			children = (
				38AEB6AF2AF8B85B00E87009 /* Base */,
			);
			name = Main.storyboard;
			sourceTree = "<group>";
		};
		38AEB6B62AF8B85C00E87009 /* LaunchScreen.storyboard */ = {
			isa = PBXVariantGroup;
			children = (
				38AEB6B72AF8B85C00E87009 /* Base */,
			);
			name = LaunchScreen.storyboard;
			sourceTree = "<group>";
		};
/* End PBXVariantGroup section */

/* Begin XCBuildConfiguration section */
		38AEB6BA2AF8B85C00E87009 /* Debug */ = {
			isa = XCBuildConfiguration;
			buildSettings = {
				ALWAYS_SEARCH_USER_PATHS = NO;
				ASSETCATALOG_COMPILER_GENERATE_SWIFT_ASSET_SYMBOL_EXTENSIONS = YES;
				CLANG_ANALYZER_NONNULL = YES;
				CLANG_ANALYZER_NUMBER_OBJECT_CONVERSION = YES_AGGRESSIVE;
				CLANG_CXX_LANGUAGE_STANDARD = "gnu++20";
				CLANG_ENABLE_MODULES = YES;
				CLANG_ENABLE_OBJC_ARC = YES;
				CLANG_ENABLE_OBJC_WEAK = YES;
				CLANG_WARN_BLOCK_CAPTURE_AUTORELEASING = YES;
				CLANG_WARN_BOOL_CONVERSION = YES;
				CLANG_WARN_COMMA = YES;
				CLANG_WARN_CONSTANT_CONVERSION = YES;
				CLANG_WARN_DEPRECATED_OBJC_IMPLEMENTATIONS = YES;
				CLANG_WARN_DIRECT_OBJC_ISA_USAGE = YES_ERROR;
				CLANG_WARN_DOCUMENTATION_COMMENTS = YES;
				CLANG_WARN_EMPTY_BODY = YES;
				CLANG_WARN_ENUM_CONVERSION = YES;
				CLANG_WARN_INFINITE_RECURSION = YES;
				CLANG_WARN_INT_CONVERSION = YES;
				CLANG_WARN_NON_LITERAL_NULL_CONVERSION = YES;
				CLANG_WARN_OBJC_IMPLICIT_RETAIN_SELF = YES;
				CLANG_WARN_OBJC_LITERAL_CONVERSION = YES;
				CLANG_WARN_OBJC_ROOT_CLASS = YES_ERROR;
				CLANG_WARN_QUOTED_INCLUDE_IN_FRAMEWORK_HEADER = YES;
				CLANG_WARN_RANGE_LOOP_ANALYSIS = YES;
				CLANG_WARN_STRICT_PROTOTYPES = YES;
				CLANG_WARN_SUSPICIOUS_MOVE = YES;
				CLANG_WARN_UNGUARDED_AVAILABILITY = YES_AGGRESSIVE;
				CLANG_WARN_UNREACHABLE_CODE = YES;
				CLANG_WARN__DUPLICATE_METHOD_MATCH = YES;
				COPY_PHASE_STRIP = NO;
				DEBUG_INFORMATION_FORMAT = dwarf;
				ENABLE_STRICT_OBJC_MSGSEND = YES;
				ENABLE_TESTABILITY = YES;
				ENABLE_USER_SCRIPT_SANDBOXING = YES;
				GCC_C_LANGUAGE_STANDARD = gnu17;
				GCC_DYNAMIC_NO_PIC = NO;
				GCC_NO_COMMON_BLOCKS = YES;
				GCC_OPTIMIZATION_LEVEL = 0;
				GCC_PREPROCESSOR_DEFINITIONS = (
					"DEBUG=1",
					"$(inherited)",
				);
				GCC_WARN_64_TO_32_BIT_CONVERSION = YES;
				GCC_WARN_ABOUT_RETURN_TYPE = YES_ERROR;
				GCC_WARN_UNDECLARED_SELECTOR = YES;
				GCC_WARN_UNINITIALIZED_AUTOS = YES_AGGRESSIVE;
				GCC_WARN_UNUSED_FUNCTION = YES;
				GCC_WARN_UNUSED_VARIABLE = YES;
				IPHONEOS_DEPLOYMENT_TARGET = 17.2;
				LOCALIZATION_PREFERS_STRING_CATALOGS = YES;
				MTL_ENABLE_DEBUG_INFO = INCLUDE_SOURCE;
				MTL_FAST_MATH = YES;
				ONLY_ACTIVE_ARCH = YES;
				SDKROOT = iphoneos;
				SWIFT_ACTIVE_COMPILATION_CONDITIONS = "DEBUG $(inherited)";
				SWIFT_OPTIMIZATION_LEVEL = "-Onone";
			};
			name = Debug;
		};
		38AEB6BB2AF8B85C00E87009 /* Release */ = {
			isa = XCBuildConfiguration;
			buildSettings = {
				ALWAYS_SEARCH_USER_PATHS = NO;
				ASSETCATALOG_COMPILER_GENERATE_SWIFT_ASSET_SYMBOL_EXTENSIONS = YES;
				CLANG_ANALYZER_NONNULL = YES;
				CLANG_ANALYZER_NUMBER_OBJECT_CONVERSION = YES_AGGRESSIVE;
				CLANG_CXX_LANGUAGE_STANDARD = "gnu++20";
				CLANG_ENABLE_MODULES = YES;
				CLANG_ENABLE_OBJC_ARC = YES;
				CLANG_ENABLE_OBJC_WEAK = YES;
				CLANG_WARN_BLOCK_CAPTURE_AUTORELEASING = YES;
				CLANG_WARN_BOOL_CONVERSION = YES;
				CLANG_WARN_COMMA = YES;
				CLANG_WARN_CONSTANT_CONVERSION = YES;
				CLANG_WARN_DEPRECATED_OBJC_IMPLEMENTATIONS = YES;
				CLANG_WARN_DIRECT_OBJC_ISA_USAGE = YES_ERROR;
				CLANG_WARN_DOCUMENTATION_COMMENTS = YES;
				CLANG_WARN_EMPTY_BODY = YES;
				CLANG_WARN_ENUM_CONVERSION = YES;
				CLANG_WARN_INFINITE_RECURSION = YES;
				CLANG_WARN_INT_CONVERSION = YES;
				CLANG_WARN_NON_LITERAL_NULL_CONVERSION = YES;
				CLANG_WARN_OBJC_IMPLICIT_RETAIN_SELF = YES;
				CLANG_WARN_OBJC_LITERAL_CONVERSION = YES;
				CLANG_WARN_OBJC_ROOT_CLASS = YES_ERROR;
				CLANG_WARN_QUOTED_INCLUDE_IN_FRAMEWORK_HEADER = YES;
				CLANG_WARN_RANGE_LOOP_ANALYSIS = YES;
				CLANG_WARN_STRICT_PROTOTYPES = YES;
				CLANG_WARN_SUSPICIOUS_MOVE = YES;
				CLANG_WARN_UNGUARDED_AVAILABILITY = YES_AGGRESSIVE;
				CLANG_WARN_UNREACHABLE_CODE = YES;
				CLANG_WARN__DUPLICATE_METHOD_MATCH = YES;
				COPY_PHASE_STRIP = NO;
				DEBUG_INFORMATION_FORMAT = "dwarf-with-dsym";
				ENABLE_NS_ASSERTIONS = NO;
				ENABLE_STRICT_OBJC_MSGSEND = YES;
				ENABLE_USER_SCRIPT_SANDBOXING = YES;
				GCC_C_LANGUAGE_STANDARD = gnu17;
				GCC_NO_COMMON_BLOCKS = YES;
				GCC_WARN_64_TO_32_BIT_CONVERSION = YES;
				GCC_WARN_ABOUT_RETURN_TYPE = YES_ERROR;
				GCC_WARN_UNDECLARED_SELECTOR = YES;
				GCC_WARN_UNINITIALIZED_AUTOS = YES_AGGRESSIVE;
				GCC_WARN_UNUSED_FUNCTION = YES;
				GCC_WARN_UNUSED_VARIABLE = YES;
				IPHONEOS_DEPLOYMENT_TARGET = 17.2;
				LOCALIZATION_PREFERS_STRING_CATALOGS = YES;
				MTL_ENABLE_DEBUG_INFO = NO;
				MTL_FAST_MATH = YES;
				SDKROOT = iphoneos;
				SWIFT_COMPILATION_MODE = wholemodule;
				VALIDATE_PRODUCT = YES;
			};
			name = Release;
		};
		38AEB6BD2AF8B85C00E87009 /* Debug */ = {
			isa = XCBuildConfiguration;
			buildSettings = {
				ASSETCATALOG_COMPILER_APPICON_NAME = AppIcon;
				ASSETCATALOG_COMPILER_GLOBAL_ACCENT_COLOR_NAME = AccentColor;
				CODE_SIGN_STYLE = Automatic;
				CURRENT_PROJECT_VERSION = 1;
				DEVELOPMENT_TEAM = CA9KP7YRD3;
				GENERATE_INFOPLIST_FILE = YES;
				INFOPLIST_FILE = "SOM AI/Info.plist";
				INFOPLIST_KEY_UIApplicationSupportsIndirectInputEvents = YES;
				INFOPLIST_KEY_UILaunchStoryboardName = LaunchScreen;
				INFOPLIST_KEY_UIMainStoryboardFile = Main;
				INFOPLIST_KEY_UISupportedInterfaceOrientations_iPad = "UIInterfaceOrientationPortrait UIInterfaceOrientationPortraitUpsideDown UIInterfaceOrientationLandscapeLeft UIInterfaceOrientationLandscapeRight";
				INFOPLIST_KEY_UISupportedInterfaceOrientations_iPhone = "UIInterfaceOrientationPortrait UIInterfaceOrientationLandscapeLeft UIInterfaceOrientationLandscapeRight";
				LD_RUNPATH_SEARCH_PATHS = (
					"$(inherited)",
					"@executable_path/Frameworks",
				);
				MARKETING_VERSION = 1.0;
				PRODUCT_BUNDLE_IDENTIFIER = "com.rabbanilham.SOM-AI";
				PRODUCT_NAME = "$(TARGET_NAME)";
				SWIFT_EMIT_LOC_STRINGS = YES;
				SWIFT_VERSION = 5.0;
				TARGETED_DEVICE_FAMILY = "1,2";
			};
			name = Debug;
		};
		38AEB6BE2AF8B85C00E87009 /* Release */ = {
			isa = XCBuildConfiguration;
			buildSettings = {
				ASSETCATALOG_COMPILER_APPICON_NAME = AppIcon;
				ASSETCATALOG_COMPILER_GLOBAL_ACCENT_COLOR_NAME = AccentColor;
				CODE_SIGN_STYLE = Automatic;
				CURRENT_PROJECT_VERSION = 1;
				DEVELOPMENT_TEAM = CA9KP7YRD3;
				GENERATE_INFOPLIST_FILE = YES;
				INFOPLIST_FILE = "SOM AI/Info.plist";
				INFOPLIST_KEY_UIApplicationSupportsIndirectInputEvents = YES;
				INFOPLIST_KEY_UILaunchStoryboardName = LaunchScreen;
				INFOPLIST_KEY_UIMainStoryboardFile = Main;
				INFOPLIST_KEY_UISupportedInterfaceOrientations_iPad = "UIInterfaceOrientationPortrait UIInterfaceOrientationPortraitUpsideDown UIInterfaceOrientationLandscapeLeft UIInterfaceOrientationLandscapeRight";
				INFOPLIST_KEY_UISupportedInterfaceOrientations_iPhone = "UIInterfaceOrientationPortrait UIInterfaceOrientationLandscapeLeft UIInterfaceOrientationLandscapeRight";
				LD_RUNPATH_SEARCH_PATHS = (
					"$(inherited)",
					"@executable_path/Frameworks",
				);
				MARKETING_VERSION = 1.0;
				PRODUCT_BUNDLE_IDENTIFIER = "com.rabbanilham.SOM-AI";
				PRODUCT_NAME = "$(TARGET_NAME)";
				SWIFT_EMIT_LOC_STRINGS = YES;
				SWIFT_VERSION = 5.0;
				TARGETED_DEVICE_FAMILY = "1,2";
			};
			name = Release;
		};
/* End XCBuildConfiguration section */

/* Begin XCConfigurationList section */
		38AEB6A02AF8B85B00E87009 /* Build configuration list for PBXProject "SOM AI" */ = {
			isa = XCConfigurationList;
			buildConfigurations = (
				38AEB6BA2AF8B85C00E87009 /* Debug */,
				38AEB6BB2AF8B85C00E87009 /* Release */,
			);
			defaultConfigurationIsVisible = 0;
			defaultConfigurationName = Release;
		};
		38AEB6BC2AF8B85C00E87009 /* Build configuration list for PBXNativeTarget "SOM AI" */ = {
			isa = XCConfigurationList;
			buildConfigurations = (
				38AEB6BD2AF8B85C00E87009 /* Debug */,
				38AEB6BE2AF8B85C00E87009 /* Release */,
			);
			defaultConfigurationIsVisible = 0;
			defaultConfigurationName = Release;
		};
/* End XCConfigurationList section */

/* Begin XCVersionGroup section */
		38AEB6B12AF8B85B00E87009 /* SOM_AI.xcdatamodeld */ = {
			isa = XCVersionGroup;
			children = (
				38AEB6B22AF8B85B00E87009 /* SOM_AI.xcdatamodel */,
			);
			currentVersion = 38AEB6B22AF8B85B00E87009 /* SOM_AI.xcdatamodel */;
			path = SOM_AI.xcdatamodeld;
			sourceTree = "<group>";
			versionGroupType = wrapper.xcdatamodel;
		};
/* End XCVersionGroup section */
	};
	rootObject = 38AEB69D2AF8B85B00E87009 /* Project object */;
}
